{
  "name": "maps-api",
  "version": "0.1.0",
  "lockfileVersion": 1,
  "requires": true,
  "dependencies": {
    "escape-regexp": {
      "version": "0.0.1",
      "resolved": "https://registry.npmjs.org/escape-regexp/-/escape-regexp-0.0.1.tgz",
      "integrity": "sha1-9EvaEtRbvfnLf4Yu5+SCez3TIlQ="
    },
    "google-maps-react": {
      "version": "2.0.2",
      "resolved": "https://registry.npmjs.org/google-maps-react/-/google-maps-react-2.0.2.tgz",
      "integrity": "sha512-6cYauGwt22haDUrWxKQ6yoNOqjiuxHo8YYcmb+aBvNICokdXmZOUB6Ah4vD5VexMVlrwP2PFqA/D8sHpEB52KA=="
    }
  }
}
